
Microsoft Visual Studio Solution File, Format Version 12.00
# Visual Studio 15
VisualStudioVersion = 15.0.28307.421
MinimumVisualStudioVersion = 10.0.40219.1
Project("{FAE04EC0-301F-11D3-BF4B-00C04F79EFBC}") = "UI", "UI\UI.csproj", "{FC1AD237-3A73-432C-BE72-7020BF6E8464}"
EndProject
Project("{FAE04EC0-301F-11D3-BF4B-00C04F79EFBC}") = "DAL", "DAL\DAL.csproj", "{415B487A-AA8C-4993-9456-99E9D16FDA38}"
EndProject
Project("{FAE04EC0-301F-11D3-BF4B-00C04F79EFBC}") = "DATA", "DATA\DATA.csproj", "{4397D53B-3E37-45F6-8A4C-8675D450F1C3}"
EndProject
Global
	GlobalSection(SolutionConfigurationPlatforms) = preSolution
		Debug|Any CPU = Debug|Any CPU
		Release|Any CPU = Release|Any CPU
	EndGlobalSection
	GlobalSection(ProjectConfigurationPlatforms) = postSolution
		{FC1AD237-3A73-432C-BE72-7020BF6E8464}.Debug|Any CPU.ActiveCfg = Debug|Any CPU
		{FC1AD237-3A73-432C-BE72-7020BF6E8464}.Debug|Any CPU.Build.0 = Debug|Any CPU
		{FC1AD237-3A73-432C-BE72-7020BF6E8464}.Release|Any CPU.ActiveCfg = Release|Any CPU
		{FC1AD237-3A73-432C-BE72-7020BF6E8464}.Release|Any CPU.Build.0 = Release|Any CPU
		{415B487A-AA8C-4993-9456-99E9D16FDA38}.Debug|Any CPU.ActiveCfg = Debug|Any CPU
		{415B487A-AA8C-4993-9456-99E9D16FDA38}.Debug|Any CPU.Build.0 = Debug|Any CPU
		{415B487A-AA8C-4993-9456-99E9D16FDA38}.Release|Any CPU.ActiveCfg = Release|Any CPU
		{415B487A-AA8C-4993-9456-99E9D16FDA38}.Release|Any CPU.Build.0 = Release|Any CPU
		{4397D53B-3E37-45F6-8A4C-8675D450F1C3}.Debug|Any CPU.ActiveCfg = Debug|Any CPU
		{4397D53B-3E37-45F6-8A4C-8675D450F1C3}.Debug|Any CPU.Build.0 = Debug|Any CPU
		{4397D53B-3E37-45F6-8A4C-8675D450F1C3}.Release|Any CPU.ActiveCfg = Release|Any CPU
		{4397D53B-3E37-45F6-8A4C-8675D450F1C3}.Release|Any CPU.Build.0 = Release|Any CPU
	EndGlobalSection
	GlobalSection(SolutionProperties) = preSolution
		HideSolutionNode = FALSE
	EndGlobalSection
	GlobalSection(ExtensibilityGlobals) = postSolution
		SolutionGuid = {70FDA466-734A-42B1-95A2-02FD757ACDED}
	EndGlobalSection
EndGlobal
